
Microsoft Visual Studio Solution File, Format Version 12.00
# Visual Studio 15
VisualStudioVersion = 15.0.28307.645
MinimumVisualStudioVersion = 10.0.40219.1
Project("{FAE04EC0-301F-11D3-BF4B-00C04F79EFBC}") = "EjercicioDos.Android", "EjercicioDos\EjercicioDos.Android\EjercicioDos.Android.csproj", "{6201AC75-E6EC-4FD4-B915-25227A0655F7}"
EndProject
Project("{FAE04EC0-301F-11D3-BF4B-00C04F79EFBC}") = "EjercicioDos", "EjercicioDos\EjercicioDos\EjercicioDos.csproj", "{1EA4BF29-086E-4D5A-B179-48B89250CF2D}"
EndProject
Global
	GlobalSection(SolutionConfigurationPlatforms) = preSolution
		Debug|Any CPU = Debug|Any CPU
		Release|Any CPU = Release|Any CPU
	EndGlobalSection
	GlobalSection(ProjectConfigurationPlatforms) = postSolution
		{6201AC75-E6EC-4FD4-B915-25227A0655F7}.Debug|Any CPU.ActiveCfg = Debug|Any CPU
		{6201AC75-E6EC-4FD4-B915-25227A0655F7}.Debug|Any CPU.Build.0 = Debug|Any CPU
		{6201AC75-E6EC-4FD4-B915-25227A0655F7}.Debug|Any CPU.Deploy.0 = Debug|Any CPU
		{6201AC75-E6EC-4FD4-B915-25227A0655F7}.Release|Any CPU.ActiveCfg = Release|Any CPU
		{6201AC75-E6EC-4FD4-B915-25227A0655F7}.Release|Any CPU.Build.0 = Release|Any CPU
		{6201AC75-E6EC-4FD4-B915-25227A0655F7}.Release|Any CPU.Deploy.0 = Release|Any CPU
		{1EA4BF29-086E-4D5A-B179-48B89250CF2D}.Debug|Any CPU.ActiveCfg = Debug|Any CPU
		{1EA4BF29-086E-4D5A-B179-48B89250CF2D}.Debug|Any CPU.Build.0 = Debug|Any CPU
		{1EA4BF29-086E-4D5A-B179-48B89250CF2D}.Debug|Any CPU.Deploy.0 = Debug|Any CPU
		{1EA4BF29-086E-4D5A-B179-48B89250CF2D}.Release|Any CPU.ActiveCfg = Release|Any CPU
		{1EA4BF29-086E-4D5A-B179-48B89250CF2D}.Release|Any CPU.Build.0 = Release|Any CPU
		{1EA4BF29-086E-4D5A-B179-48B89250CF2D}.Release|Any CPU.Deploy.0 = Release|Any CPU
	EndGlobalSection
	GlobalSection(SolutionProperties) = preSolution
		HideSolutionNode = FALSE
	EndGlobalSection
	GlobalSection(ExtensibilityGlobals) = postSolution
		SolutionGuid = {ADC02F35-BA31-476C-BC99-A8A59C976C9D}
	EndGlobalSection
EndGlobal
